<Solution>
  <Folder Name="/Build/">
    <Project Path="TwBlazor.BuildTools/TwBlazor.BuildTools.csproj" />
    <Project Path="TwBlazor.Docs.Compiler/TwBlazor.Docs.Compiler.csproj" />
  </Folder>
  <Folder Name="/Solution Items/">
    <File Path=".editorconfig" />
    <File Path="CODE_OF_CONDUCT.md" />
    <File Path="CONTRIBUTING.md" />
    <File Path="LICENSE.txt" />
    <File Path="README.md" />
  </Folder>
  <Folder Name="/Workflows/">
    <File Path=".github/workflows/build-and-test.yml" />
    <File Path=".github/workflows/ci-build.yml" />
    <File Path=".github/workflows/deploy-docs.yml" />
    <File Path=".github/workflows/pr-checks.yml" />
    <File Path=".github/workflows/publish-develop.yml" />
    <File Path=".github/workflows/publish-release.yml" />
  </Folder>
  <Project Path="TwBlazor.A11yTests/TwBlazor.A11yTests.csproj" />
  <Project Path="TwBlazor.Docs/TwBlazor.Docs.csproj" />
  <Project Path="TwBlazor.Server/TwBlazor.Server.csproj" />
  <Project Path="TwBlazor.Tests/TwBlazor.Tests.csproj" />
  <Project Path="TwBlazor.Theme/TwBlazor.Theme.csproj" />
  <Project Path="TwBlazor.WASM/TwBlazor.Wasm.csproj" />
  <Project Path="TwBlazor.WasmHost/TwBlazor.WasmHost.csproj" />
  <Project Path="TwBlazor/TwBlazor.csproj" />
</Solution>
